
Microsoft Visual Studio Solution File, Format Version 12.00
# Visual Studio Version 16
VisualStudioVersion = 16.0.30011.22
MinimumVisualStudioVersion = 10.0.40219.1
Project("{FAE04EC0-301F-11D3-BF4B-00C04F79EFBC}") = "Ejercicio_del_libro_C_1_2_3", "Ejercicio_del_libro_C_1_2_3.csproj", "{BD46F698-278D-4660-A837-6FAE81CD861B}"
EndProject
Global
	GlobalSection(SolutionConfigurationPlatforms) = preSolution
		Debug|Any CPU = Debug|Any CPU
		Release|Any CPU = Release|Any CPU
	EndGlobalSection
	GlobalSection(ProjectConfigurationPlatforms) = postSolution
		{BD46F698-278D-4660-A837-6FAE81CD861B}.Debug|Any CPU.ActiveCfg = Debug|Any CPU
		{BD46F698-278D-4660-A837-6FAE81CD861B}.Debug|Any CPU.Build.0 = Debug|Any CPU
		{BD46F698-278D-4660-A837-6FAE81CD861B}.Release|Any CPU.ActiveCfg = Release|Any CPU
		{BD46F698-278D-4660-A837-6FAE81CD861B}.Release|Any CPU.Build.0 = Release|Any CPU
	EndGlobalSection
	GlobalSection(SolutionProperties) = preSolution
		HideSolutionNode = FALSE
	EndGlobalSection
	GlobalSection(ExtensibilityGlobals) = postSolution
		SolutionGuid = {5E8A1CE8-A355-4FCB-A9FC-EB9616B188E3}
	EndGlobalSection
EndGlobal
